
Microsoft Visual Studio Solution File, Format Version 12.00
# Visual Studio Version 16
VisualStudioVersion = 16.0.31402.337
MinimumVisualStudioVersion = 10.0.40219.1
Project("{9A19103F-16F7-4668-BE54-9A1E7A4F7556}") = "GameOfLife", "GameOfLife\GameOfLife.csproj", "{5F970575-05C6-49DB-873C-46FF3D15532F}"
EndProject
Project("{54435603-DBB4-11D2-8724-00A0C9A8B90C}") = "GameOfLife-Installer", "GameOfLife-Installer\GameOfLife-Installer.vdproj", "{59E29D3B-4DAB-4B68-9F05-9E1DE05759D1}"
EndProject
Project("{FAE04EC0-301F-11D3-BF4B-00C04F79EFBC}") = "Automata", "Automata\Automata.csproj", "{5871A84D-5137-49A9-8C7E-F59ECAA7D2DA}"
EndProject
Global
	GlobalSection(SolutionConfigurationPlatforms) = preSolution
		Debug|Any CPU = Debug|Any CPU
		Debug|x64 = Debug|x64
		Release|Any CPU = Release|Any CPU
		Release|x64 = Release|x64
	EndGlobalSection
	GlobalSection(ProjectConfigurationPlatforms) = postSolution
		{5F970575-05C6-49DB-873C-46FF3D15532F}.Debug|Any CPU.ActiveCfg = Debug|Any CPU
		{5F970575-05C6-49DB-873C-46FF3D15532F}.Debug|Any CPU.Build.0 = Debug|Any CPU
		{5F970575-05C6-49DB-873C-46FF3D15532F}.Debug|x64.ActiveCfg = Debug|x64
		{5F970575-05C6-49DB-873C-46FF3D15532F}.Debug|x64.Build.0 = Debug|x64
		{5F970575-05C6-49DB-873C-46FF3D15532F}.Release|Any CPU.ActiveCfg = Release|Any CPU
		{5F970575-05C6-49DB-873C-46FF3D15532F}.Release|Any CPU.Build.0 = Release|Any CPU
		{5F970575-05C6-49DB-873C-46FF3D15532F}.Release|x64.ActiveCfg = Release|Any CPU
		{5F970575-05C6-49DB-873C-46FF3D15532F}.Release|x64.Build.0 = Release|Any CPU
		{59E29D3B-4DAB-4B68-9F05-9E1DE05759D1}.Debug|Any CPU.ActiveCfg = Debug
		{59E29D3B-4DAB-4B68-9F05-9E1DE05759D1}.Debug|x64.ActiveCfg = Debug
		{59E29D3B-4DAB-4B68-9F05-9E1DE05759D1}.Release|Any CPU.ActiveCfg = Release
		{59E29D3B-4DAB-4B68-9F05-9E1DE05759D1}.Release|x64.ActiveCfg = Release
		{5871A84D-5137-49A9-8C7E-F59ECAA7D2DA}.Debug|Any CPU.ActiveCfg = Debug|Any CPU
		{5871A84D-5137-49A9-8C7E-F59ECAA7D2DA}.Debug|Any CPU.Build.0 = Debug|Any CPU
		{5871A84D-5137-49A9-8C7E-F59ECAA7D2DA}.Debug|x64.ActiveCfg = Debug|Any CPU
		{5871A84D-5137-49A9-8C7E-F59ECAA7D2DA}.Debug|x64.Build.0 = Debug|Any CPU
		{5871A84D-5137-49A9-8C7E-F59ECAA7D2DA}.Release|Any CPU.ActiveCfg = Release|Any CPU
		{5871A84D-5137-49A9-8C7E-F59ECAA7D2DA}.Release|Any CPU.Build.0 = Release|Any CPU
		{5871A84D-5137-49A9-8C7E-F59ECAA7D2DA}.Release|x64.ActiveCfg = Release|Any CPU
		{5871A84D-5137-49A9-8C7E-F59ECAA7D2DA}.Release|x64.Build.0 = Release|Any CPU
	EndGlobalSection
	GlobalSection(SolutionProperties) = preSolution
		HideSolutionNode = FALSE
	EndGlobalSection
	GlobalSection(ExtensibilityGlobals) = postSolution
		SolutionGuid = {FFBA853F-A42E-4F9B-B1A8-D56BD20895ED}
	EndGlobalSection
EndGlobal
